
Microsoft Visual Studio Solution File, Format Version 12.00
# Visual Studio Version 16
VisualStudioVersion = 16.0.31205.134
MinimumVisualStudioVersion = 10.0.40219.1
Project("{FAE04EC0-301F-11D3-BF4B-00C04F79EFBC}") = "2", "2\2.csproj", "{2D5F2E3D-F5C4-4FCF-8706-F0AA12DDA141}"
EndProject
Global
	GlobalSection(SolutionConfigurationPlatforms) = preSolution
		Debug|Any CPU = Debug|Any CPU
		Release|Any CPU = Release|Any CPU
	EndGlobalSection
	GlobalSection(ProjectConfigurationPlatforms) = postSolution
		{2D5F2E3D-F5C4-4FCF-8706-F0AA12DDA141}.Debug|Any CPU.ActiveCfg = Debug|Any CPU
		{2D5F2E3D-F5C4-4FCF-8706-F0AA12DDA141}.Debug|Any CPU.Build.0 = Debug|Any CPU
		{2D5F2E3D-F5C4-4FCF-8706-F0AA12DDA141}.Release|Any CPU.ActiveCfg = Release|Any CPU
		{2D5F2E3D-F5C4-4FCF-8706-F0AA12DDA141}.Release|Any CPU.Build.0 = Release|Any CPU
	EndGlobalSection
	GlobalSection(SolutionProperties) = preSolution
		HideSolutionNode = FALSE
	EndGlobalSection
	GlobalSection(ExtensibilityGlobals) = postSolution
		SolutionGuid = {50D19207-9BE2-4498-A87C-38F4721FB276}
	EndGlobalSection
EndGlobal
